
Microsoft Visual Studio Solution File, Format Version 12.00
# Visual Studio Version 17
VisualStudioVersion = 17.0.32014.148
MinimumVisualStudioVersion = 10.0.40219.1
Project("{9A19103F-16F7-4668-BE54-9A1E7A4F7556}") = "Bank", "Bank\Bank.csproj", "{75CA132C-5D22-475A-851F-628FD8A59CAB}"
EndProject
Project("{FAE04EC0-301F-11D3-BF4B-00C04F79EFBC}") = "BankTest", "BankTest\BankTest.csproj", "{04C6FEE1-A876-4A30-A5FF-00DFF0712433}"
EndProject
Global
	GlobalSection(SolutionConfigurationPlatforms) = preSolution
		Debug|Any CPU = Debug|Any CPU
		Release|Any CPU = Release|Any CPU
	EndGlobalSection
	GlobalSection(ProjectConfigurationPlatforms) = postSolution
		{75CA132C-5D22-475A-851F-628FD8A59CAB}.Debug|Any CPU.ActiveCfg = Debug|Any CPU
		{75CA132C-5D22-475A-851F-628FD8A59CAB}.Debug|Any CPU.Build.0 = Debug|Any CPU
		{75CA132C-5D22-475A-851F-628FD8A59CAB}.Release|Any CPU.ActiveCfg = Release|Any CPU
		{75CA132C-5D22-475A-851F-628FD8A59CAB}.Release|Any CPU.Build.0 = Release|Any CPU
		{04C6FEE1-A876-4A30-A5FF-00DFF0712433}.Debug|Any CPU.ActiveCfg = Debug|Any CPU
		{04C6FEE1-A876-4A30-A5FF-00DFF0712433}.Debug|Any CPU.Build.0 = Debug|Any CPU
		{04C6FEE1-A876-4A30-A5FF-00DFF0712433}.Release|Any CPU.ActiveCfg = Release|Any CPU
		{04C6FEE1-A876-4A30-A5FF-00DFF0712433}.Release|Any CPU.Build.0 = Release|Any CPU
	EndGlobalSection
	GlobalSection(SolutionProperties) = preSolution
		HideSolutionNode = FALSE
	EndGlobalSection
	GlobalSection(ExtensibilityGlobals) = postSolution
		SolutionGuid = {56693E87-1532-4976-BDD1-DAACB06C11F9}
	EndGlobalSection
EndGlobal
